
Microsoft Visual Studio Solution File, Format Version 12.00
# Visual Studio Version 17
VisualStudioVersion = 17.1.32414.318
MinimumVisualStudioVersion = 10.0.40219.1
Project("{FAE04EC0-301F-11D3-BF4B-00C04F79EFBC}") = "BancoDigital.API", "BancoDigital.API\BancoDigital.API.csproj", "{B63B7D90-849A-4B7C-8F62-92287E6AFEDD}"
EndProject
Global
	GlobalSection(SolutionConfigurationPlatforms) = preSolution
		Debug|Any CPU = Debug|Any CPU
		Release|Any CPU = Release|Any CPU
	EndGlobalSection
	GlobalSection(ProjectConfigurationPlatforms) = postSolution
		{B63B7D90-849A-4B7C-8F62-92287E6AFEDD}.Debug|Any CPU.ActiveCfg = Debug|Any CPU
		{B63B7D90-849A-4B7C-8F62-92287E6AFEDD}.Debug|Any CPU.Build.0 = Debug|Any CPU
		{B63B7D90-849A-4B7C-8F62-92287E6AFEDD}.Release|Any CPU.ActiveCfg = Release|Any CPU
		{B63B7D90-849A-4B7C-8F62-92287E6AFEDD}.Release|Any CPU.Build.0 = Release|Any CPU
	EndGlobalSection
	GlobalSection(SolutionProperties) = preSolution
		HideSolutionNode = FALSE
	EndGlobalSection
	GlobalSection(ExtensibilityGlobals) = postSolution
		SolutionGuid = {96ADDA1C-ADD7-4020-B87A-814F12D199EF}
	EndGlobalSection
EndGlobal
